{
    "_meta": {
        "hash": {
            "sha256": "a362698ff00d905584019da614189c8ad9185fe9b8ac65789f2671b2305f65c8"
        },
        "pipfile-spec": 6,
        "requires": {
            "python_version": "3.7"
        },
        "sources": [
            {
                "name": "pypi",
                "url": "https://pypi.org/simple",
                "verify_ssl": true
            }
        ]
    },
    "default": {
        "robotframework": {
            "hashes": [
                "sha256:34923415afd9491141630ad1d7146b638ee869f1c7f97c450c0da5ce79e1ac23",
                "sha256:d693e6d06b17f48669e2a8c4cb6c1f0d56e5f1a74835d18b8ea2118da7bf2d79"
            ],
            "index": "pypi",
            "version": "==3.2.1"
        }
    },
    "develop": {}
}
